{
    "_readme": [
        "This file locks the dependencies of your project to a known state",
        "Read more about it at https://getcomposer.org/doc/01-basic-usage.md#composer-lock-the-lock-file",
        "This file is @generated automatically"
    ],
    "hash": "c4edff230df1ca902a057f82785ed732",
    "content-hash": "cdf3a9499ab225a03457af4c540d4d20",
    "packages": [
        {
            "name": "triagens/arangodb",
            "version": "v3.0.0",
            "source": {
                "type": "git",
                "url": "https://github.com/arangodb/arangodb-php.git",
                "reference": "24637c5bffa7e79c11372ed4102ee908a6bd76b1"
            },
            "dist": {
                "type": "zip",
                "url": "https://api.github.com/repos/arangodb/arangodb-php/zipball/24637c5bffa7e79c11372ed4102ee908a6bd76b1",
                "reference": "24637c5bffa7e79c11372ed4102ee908a6bd76b1",
                "shasum": ""
            },
            "require": {
                "php": ">=5.4.0"
            },
            "type": "library",
            "autoload": {
                "psr-0": {
                    "triagens\\ArangoDb": "lib/"
                }
            },
            "notification-url": "https://packagist.org/downloads/",
            "license": [
                "Apache2"
            ],
            "authors": [
                {
                    "name": "Jan Steemann",
                    "homepage": "https://github.com/arangodb/arangodb-php",
                    "role": "Developer"
                },
                {
                    "name": "Frank Mayer",
                    "homepage": "https://github.com/arangodb/arangodb-php",
                    "role": "Developer"
                },
                {
                    "name": "Contributors",
                    "homepage": "https://github.com/arangodb/arangodb-php/graphs/contributors"
                }
            ],
            "description": "ArangoDb PHP client",
            "homepage": "https://github.com/arangodb/arangodb-php",
            "keywords": [
                "Arango",
                "ArangoDb",
                "database",
                "document store",
                "graph database",
                "multi-model",
                "nosql"
            ],
            "time": "2016-06-09 16:41:26"
        }
    ],
    "packages-dev": [],
    "aliases": [],
    "minimum-stability": "stable",
    "stability-flags": [],
    "prefer-stable": false,
    "prefer-lowest": false,
    "platform": [],
    "platform-dev": []
}
